
Microsoft Visual Studio Solution File, Format Version 12.00
# Visual Studio Version 17
VisualStudioVersion = 17.11.35312.102
MinimumVisualStudioVersion = 10.0.40219.1
Project("{FAE04EC0-301F-11D3-BF4B-00C04F79EFBC}") = "Lab5", "Lab5.csproj", "{05AEB22A-E57C-4430-9B34-E1619CDF678D}"
EndProject
Global
	GlobalSection(SolutionConfigurationPlatforms) = preSolution
		Debug|Any CPU = Debug|Any CPU
		Release|Any CPU = Release|Any CPU
	EndGlobalSection
	GlobalSection(ProjectConfigurationPlatforms) = postSolution
		{05AEB22A-E57C-4430-9B34-E1619CDF678D}.Debug|Any CPU.ActiveCfg = Debug|Any CPU
		{05AEB22A-E57C-4430-9B34-E1619CDF678D}.Debug|Any CPU.Build.0 = Debug|Any CPU
		{05AEB22A-E57C-4430-9B34-E1619CDF678D}.Release|Any CPU.ActiveCfg = Release|Any CPU
		{05AEB22A-E57C-4430-9B34-E1619CDF678D}.Release|Any CPU.Build.0 = Release|Any CPU
	EndGlobalSection
	GlobalSection(SolutionProperties) = preSolution
		HideSolutionNode = FALSE
	EndGlobalSection
	GlobalSection(ExtensibilityGlobals) = postSolution
		SolutionGuid = {8FEBC44B-4406-4769-8F59-CB5D338A7424}
	EndGlobalSection
EndGlobal
